// !$*UTF8*$!
{
	archiveVersion = 1;
	classes = {
	};
	objectVersion = 46;
	objects = {

/* Begin PBXBuildFile section */
		33A7042D2FFEE637CA0C127C /* Pods_Emergency.framework in Frameworks */ = {isa = PBXBuildFile; fileRef = B50C03735664F5C6F90246DF /* Pods_Emergency.framework */; };
		B13A71281C662F4000B8C536 /* main.m in Sources */ = {isa = PBXBuildFile; fileRef = B13A71271C662F4000B8C536 /* main.m */; };
		B13A712B1C662F4000B8C536 /* AppDelegate.m in Sources */ = {isa = PBXBuildFile; fileRef = B13A712A1C662F4000B8C536 /* AppDelegate.m */; };
		B13A71331C662F4000B8C536 /* Assets.xcassets in Resources */ = {isa = PBXBuildFile; fileRef = B13A71321C662F4000B8C536 /* Assets.xcassets */; };
		B13A71361C662F4000B8C536 /* LaunchScreen.storyboard in Resources */ = {isa = PBXBuildFile; fileRef = B13A71341C662F4000B8C536 /* LaunchScreen.storyboard */; };
		B13A71451C664A9D00B8C536 /* ViewController.m in Sources */ = {isa = PBXBuildFile; fileRef = B13A71411C664A9D00B8C536 /* ViewController.m */; };
		B13A71461C664A9D00B8C536 /* WKSectionView.m in Sources */ = {isa = PBXBuildFile; fileRef = B13A71431C664A9D00B8C536 /* WKSectionView.m */; };
		B13A714A1C67366900B8C536 /* WarningViewController.m in Sources */ = {isa = PBXBuildFile; fileRef = B13A71491C67366900B8C536 /* WarningViewController.m */; };
		B13A71521C683C1E00B8C536 /* BasicCardViewController.m in Sources */ = {isa = PBXBuildFile; fileRef = B13A71511C683C1E00B8C536 /* BasicCardViewController.m */; };
		B144DF561C6B63E3003AAEE3 /* BaseInfo3ViewController.m in Sources */ = {isa = PBXBuildFile; fileRef = B144DF541C6B63E2003AAEE3 /* BaseInfo3ViewController.m */; };
		B144DF571C6B63E3003AAEE3 /* BaseInfo3ViewController.xib in Resources */ = {isa = PBXBuildFile; fileRef = B144DF551C6B63E2003AAEE3 /* BaseInfo3ViewController.xib */; };
		B144DF5B1C6B7929003AAEE3 /* JVFloatLabeledTextField+InterfaceCustom.m in Sources */ = {isa = PBXBuildFile; fileRef = B144DF5A1C6B7929003AAEE3 /* JVFloatLabeledTextField+InterfaceCustom.m */; };
		B144DF5E1C6B7AFF003AAEE3 /* NYSegmentedControl+InterfaceCustom.m in Sources */ = {isa = PBXBuildFile; fileRef = B144DF5D1C6B7AFF003AAEE3 /* NYSegmentedControl+InterfaceCustom.m */; };
		B1C06A471C68D81A009D3D6E /* BaseInfoViewController.m in Sources */ = {isa = PBXBuildFile; fileRef = B1C06A451C68D81A009D3D6E /* BaseInfoViewController.m */; };
		B1C06A481C68D81A009D3D6E /* BaseInfoViewController.xib in Resources */ = {isa = PBXBuildFile; fileRef = B1C06A461C68D81A009D3D6E /* BaseInfoViewController.xib */; };
		B1C06A4C1C68E908009D3D6E /* BaseInfo2ViewController.m in Sources */ = {isa = PBXBuildFile; fileRef = B1C06A4A1C68E908009D3D6E /* BaseInfo2ViewController.m */; };
		B1C06A4D1C68E908009D3D6E /* BaseInfo2ViewController.xib in Resources */ = {isa = PBXBuildFile; fileRef = B1C06A4B1C68E908009D3D6E /* BaseInfo2ViewController.xib */; };
		B1C06A501C6989BC009D3D6E /* PanView.m in Sources */ = {isa = PBXBuildFile; fileRef = B1C06A4F1C6989BC009D3D6E /* PanView.m */; };
/* End PBXBuildFile section */

/* Begin PBXFileReference section */
		1FCFA43CDEEFF6A2C5ED8A0A /* Pods-Emergency.debug.xcconfig */ = {isa = PBXFileReference; includeInIndex = 1; lastKnownFileType = text.xcconfig; name = "Pods-Emergency.debug.xcconfig"; path = "Pods/Target Support Files/Pods-Emergency/Pods-Emergency.debug.xcconfig"; sourceTree = "<group>"; };
		91960C2228693D71A53B0B43 /* Pods-Emergency.release.xcconfig */ = {isa = PBXFileReference; includeInIndex = 1; lastKnownFileType = text.xcconfig; name = "Pods-Emergency.release.xcconfig"; path = "Pods/Target Support Files/Pods-Emergency/Pods-Emergency.release.xcconfig"; sourceTree = "<group>"; };
		B13A71231C662F4000B8C536 /* Emergency.app */ = {isa = PBXFileReference; explicitFileType = wrapper.application; includeInIndex = 0; path = Emergency.app; sourceTree = BUILT_PRODUCTS_DIR; };
		B13A71271C662F4000B8C536 /* main.m */ = {isa = PBXFileReference; lastKnownFileType = sourcecode.c.objc; path = main.m; sourceTree = "<group>"; };
		B13A71291C662F4000B8C536 /* AppDelegate.h */ = {isa = PBXFileReference; lastKnownFileType = sourcecode.c.h; path = AppDelegate.h; sourceTree = "<group>"; };
		B13A712A1C662F4000B8C536 /* AppDelegate.m */ = {isa = PBXFileReference; lastKnownFileType = sourcecode.c.objc; path = AppDelegate.m; sourceTree = "<group>"; };
		B13A71321C662F4000B8C536 /* Assets.xcassets */ = {isa = PBXFileReference; lastKnownFileType = folder.assetcatalog; path = Assets.xcassets; sourceTree = "<group>"; };
		B13A71351C662F4000B8C536 /* Base */ = {isa = PBXFileReference; lastKnownFileType = file.storyboard; name = Base; path = Base.lproj/LaunchScreen.storyboard; sourceTree = "<group>"; };
		B13A71371C662F4000B8C536 /* Info.plist */ = {isa = PBXFileReference; lastKnownFileType = text.plist.xml; path = Info.plist; sourceTree = "<group>"; };
		B13A71401C664A9D00B8C536 /* ViewController.h */ = {isa = PBXFileReference; fileEncoding = 4; lastKnownFileType = sourcecode.c.h; path = ViewController.h; sourceTree = "<group>"; };
		B13A71411C664A9D00B8C536 /* ViewController.m */ = {isa = PBXFileReference; fileEncoding = 4; lastKnownFileType = sourcecode.c.objc; path = ViewController.m; sourceTree = "<group>"; };
		B13A71421C664A9D00B8C536 /* WKSectionView.h */ = {isa = PBXFileReference; fileEncoding = 4; lastKnownFileType = sourcecode.c.h; path = WKSectionView.h; sourceTree = "<group>"; };
		B13A71431C664A9D00B8C536 /* WKSectionView.m */ = {isa = PBXFileReference; fileEncoding = 4; lastKnownFileType = sourcecode.c.objc; path = WKSectionView.m; sourceTree = "<group>"; };
		B13A71481C67366900B8C536 /* WarningViewController.h */ = {isa = PBXFileReference; fileEncoding = 4; lastKnownFileType = sourcecode.c.h; path = WarningViewController.h; sourceTree = "<group>"; };
		B13A71491C67366900B8C536 /* WarningViewController.m */ = {isa = PBXFileReference; fileEncoding = 4; lastKnownFileType = sourcecode.c.objc; path = WarningViewController.m; sourceTree = "<group>"; };
		B13A71501C683C1E00B8C536 /* BasicCardViewController.h */ = {isa = PBXFileReference; fileEncoding = 4; lastKnownFileType = sourcecode.c.h; path = BasicCardViewController.h; sourceTree = "<group>"; };
		B13A71511C683C1E00B8C536 /* BasicCardViewController.m */ = {isa = PBXFileReference; fileEncoding = 4; lastKnownFileType = sourcecode.c.objc; path = BasicCardViewController.m; sourceTree = "<group>"; };
		B144DF531C6B63E2003AAEE3 /* BaseInfo3ViewController.h */ = {isa = PBXFileReference; fileEncoding = 4; lastKnownFileType = sourcecode.c.h; path = BaseInfo3ViewController.h; sourceTree = "<group>"; };
		B144DF541C6B63E2003AAEE3 /* BaseInfo3ViewController.m */ = {isa = PBXFileReference; fileEncoding = 4; lastKnownFileType = sourcecode.c.objc; path = BaseInfo3ViewController.m; sourceTree = "<group>"; };
		B144DF551C6B63E2003AAEE3 /* BaseInfo3ViewController.xib */ = {isa = PBXFileReference; fileEncoding = 4; lastKnownFileType = file.xib; path = BaseInfo3ViewController.xib; sourceTree = "<group>"; };
		B144DF591C6B7929003AAEE3 /* JVFloatLabeledTextField+InterfaceCustom.h */ = {isa = PBXFileReference; fileEncoding = 4; lastKnownFileType = sourcecode.c.h; path = "JVFloatLabeledTextField+InterfaceCustom.h"; sourceTree = "<group>"; };
		B144DF5A1C6B7929003AAEE3 /* JVFloatLabeledTextField+InterfaceCustom.m */ = {isa = PBXFileReference; fileEncoding = 4; lastKnownFileType = sourcecode.c.objc; path = "JVFloatLabeledTextField+InterfaceCustom.m"; sourceTree = "<group>"; };
		B144DF5C1C6B7AFF003AAEE3 /* NYSegmentedControl+InterfaceCustom.h */ = {isa = PBXFileReference; fileEncoding = 4; lastKnownFileType = sourcecode.c.h; path = "NYSegmentedControl+InterfaceCustom.h"; sourceTree = "<group>"; };
		B144DF5D1C6B7AFF003AAEE3 /* NYSegmentedControl+InterfaceCustom.m */ = {isa = PBXFileReference; fileEncoding = 4; lastKnownFileType = sourcecode.c.objc; path = "NYSegmentedControl+InterfaceCustom.m"; sourceTree = "<group>"; };
		B144DF5F1C6B7B7B003AAEE3 /* InterfaceCustom.h */ = {isa = PBXFileReference; lastKnownFileType = sourcecode.c.h; path = InterfaceCustom.h; sourceTree = "<group>"; };
		B1C06A441C68D81A009D3D6E /* BaseInfoViewController.h */ = {isa = PBXFileReference; fileEncoding = 4; lastKnownFileType = sourcecode.c.h; path = BaseInfoViewController.h; sourceTree = "<group>"; };
		B1C06A451C68D81A009D3D6E /* BaseInfoViewController.m */ = {isa = PBXFileReference; fileEncoding = 4; lastKnownFileType = sourcecode.c.objc; path = BaseInfoViewController.m; sourceTree = "<group>"; };
		B1C06A461C68D81A009D3D6E /* BaseInfoViewController.xib */ = {isa = PBXFileReference; fileEncoding = 4; lastKnownFileType = file.xib; path = BaseInfoViewController.xib; sourceTree = "<group>"; };
		B1C06A491C68E908009D3D6E /* BaseInfo2ViewController.h */ = {isa = PBXFileReference; fileEncoding = 4; lastKnownFileType = sourcecode.c.h; path = BaseInfo2ViewController.h; sourceTree = "<group>"; };
		B1C06A4A1C68E908009D3D6E /* BaseInfo2ViewController.m */ = {isa = PBXFileReference; fileEncoding = 4; lastKnownFileType = sourcecode.c.objc; path = BaseInfo2ViewController.m; sourceTree = "<group>"; };
		B1C06A4B1C68E908009D3D6E /* BaseInfo2ViewController.xib */ = {isa = PBXFileReference; fileEncoding = 4; lastKnownFileType = file.xib; path = BaseInfo2ViewController.xib; sourceTree = "<group>"; };
		B1C06A4E1C6989BC009D3D6E /* PanView.h */ = {isa = PBXFileReference; fileEncoding = 4; lastKnownFileType = sourcecode.c.h; path = PanView.h; sourceTree = "<group>"; };
		B1C06A4F1C6989BC009D3D6E /* PanView.m */ = {isa = PBXFileReference; fileEncoding = 4; lastKnownFileType = sourcecode.c.objc; path = PanView.m; sourceTree = "<group>"; };
		B50C03735664F5C6F90246DF /* Pods_Emergency.framework */ = {isa = PBXFileReference; explicitFileType = wrapper.framework; includeInIndex = 0; path = Pods_Emergency.framework; sourceTree = BUILT_PRODUCTS_DIR; };
/* End PBXFileReference section */

/* Begin PBXFrameworksBuildPhase section */
		B13A71201C662F4000B8C536 /* Frameworks */ = {
			isa = PBXFrameworksBuildPhase;
			buildActionMask = 2147483647;
			files = (
				33A7042D2FFEE637CA0C127C /* Pods_Emergency.framework in Frameworks */,
			);
			runOnlyForDeploymentPostprocessing = 0;
		};
/* End PBXFrameworksBuildPhase section */

/* Begin PBXGroup section */
		9B038FB9F87031A11CA4826F /* Frameworks */ = {
			isa = PBXGroup;
			children = (
				B50C03735664F5C6F90246DF /* Pods_Emergency.framework */,
			);
			name = Frameworks;
			sourceTree = "<group>";
		};
		B13A711A1C662F4000B8C536 = {
			isa = PBXGroup;
			children = (
				B13A71251C662F4000B8C536 /* Emergency */,
				B13A71241C662F4000B8C536 /* Products */,
				F6C979F6642390C9C41195B3 /* Pods */,
				9B038FB9F87031A11CA4826F /* Frameworks */,
			);
			sourceTree = "<group>";
		};
		B13A71241C662F4000B8C536 /* Products */ = {
			isa = PBXGroup;
			children = (
				B13A71231C662F4000B8C536 /* Emergency.app */,
			);
			name = Products;
			sourceTree = "<group>";
		};
		B13A71251C662F4000B8C536 /* Emergency */ = {
			isa = PBXGroup;
			children = (
				B1C06A5B1C6ADA80009D3D6E /* ThirdPart */,
				B13A714E1C683C0100B8C536 /* InformationCard */,
				B13A71471C67365100B8C536 /* WarningVC */,
				B13A713D1C664A9D00B8C536 /* MainVC */,
				B13A71291C662F4000B8C536 /* AppDelegate.h */,
				B13A712A1C662F4000B8C536 /* AppDelegate.m */,
				B13A71321C662F4000B8C536 /* Assets.xcassets */,
				B13A71341C662F4000B8C536 /* LaunchScreen.storyboard */,
				B13A71371C662F4000B8C536 /* Info.plist */,
				B13A71261C662F4000B8C536 /* Supporting Files */,
			);
			path = Emergency;
			sourceTree = "<group>";
		};
		B13A71261C662F4000B8C536 /* Supporting Files */ = {
			isa = PBXGroup;
			children = (
				B13A71271C662F4000B8C536 /* main.m */,
			);
			name = "Supporting Files";
			sourceTree = "<group>";
		};
		B13A713D1C664A9D00B8C536 /* MainVC */ = {
			isa = PBXGroup;
			children = (
				B13A71401C664A9D00B8C536 /* ViewController.h */,
				B13A71411C664A9D00B8C536 /* ViewController.m */,
				B13A71421C664A9D00B8C536 /* WKSectionView.h */,
				B13A71431C664A9D00B8C536 /* WKSectionView.m */,
				B1C06A4E1C6989BC009D3D6E /* PanView.h */,
				B1C06A4F1C6989BC009D3D6E /* PanView.m */,
			);
			path = MainVC;
			sourceTree = "<group>";
		};
		B13A71471C67365100B8C536 /* WarningVC */ = {
			isa = PBXGroup;
			children = (
				B13A71481C67366900B8C536 /* WarningViewController.h */,
				B13A71491C67366900B8C536 /* WarningViewController.m */,
			);
			path = WarningVC;
			sourceTree = "<group>";
		};
		B13A714E1C683C0100B8C536 /* InformationCard */ = {
			isa = PBXGroup;
			children = (
				B144DF581C6B78BB003AAEE3 /* InterfaceCustom */,
				B13A71531C683FAC00B8C536 /* BaseInfoCardVC */,
				B13A714F1C683C0100B8C536 /* BasicCardVC */,
			);
			path = InformationCard;
			sourceTree = "<group>";
		};
		B13A714F1C683C0100B8C536 /* BasicCardVC */ = {
			isa = PBXGroup;
			children = (
				B13A71501C683C1E00B8C536 /* BasicCardViewController.h */,
				B13A71511C683C1E00B8C536 /* BasicCardViewController.m */,
			);
			path = BasicCardVC;
			sourceTree = "<group>";
		};
		B13A71531C683FAC00B8C536 /* BaseInfoCardVC */ = {
			isa = PBXGroup;
			children = (
				B1C06A441C68D81A009D3D6E /* BaseInfoViewController.h */,
				B1C06A451C68D81A009D3D6E /* BaseInfoViewController.m */,
				B1C06A461C68D81A009D3D6E /* BaseInfoViewController.xib */,
				B1C06A491C68E908009D3D6E /* BaseInfo2ViewController.h */,
				B1C06A4A1C68E908009D3D6E /* BaseInfo2ViewController.m */,
				B1C06A4B1C68E908009D3D6E /* BaseInfo2ViewController.xib */,
				B144DF531C6B63E2003AAEE3 /* BaseInfo3ViewController.h */,
				B144DF541C6B63E2003AAEE3 /* BaseInfo3ViewController.m */,
				B144DF551C6B63E2003AAEE3 /* BaseInfo3ViewController.xib */,
			);
			path = BaseInfoCardVC;
			sourceTree = "<group>";
		};
		B144DF581C6B78BB003AAEE3 /* InterfaceCustom */ = {
			isa = PBXGroup;
			children = (
				B144DF591C6B7929003AAEE3 /* JVFloatLabeledTextField+InterfaceCustom.h */,
				B144DF5A1C6B7929003AAEE3 /* JVFloatLabeledTextField+InterfaceCustom.m */,
				B144DF5C1C6B7AFF003AAEE3 /* NYSegmentedControl+InterfaceCustom.h */,
				B144DF5D1C6B7AFF003AAEE3 /* NYSegmentedControl+InterfaceCustom.m */,
				B144DF5F1C6B7B7B003AAEE3 /* InterfaceCustom.h */,
			);
			path = InterfaceCustom;
			sourceTree = "<group>";
		};
		B1C06A5B1C6ADA80009D3D6E /* ThirdPart */ = {
			isa = PBXGroup;
			children = (
			);
			path = ThirdPart;
			sourceTree = "<group>";
		};
		F6C979F6642390C9C41195B3 /* Pods */ = {
			isa = PBXGroup;
			children = (
				1FCFA43CDEEFF6A2C5ED8A0A /* Pods-Emergency.debug.xcconfig */,
				91960C2228693D71A53B0B43 /* Pods-Emergency.release.xcconfig */,
			);
			name = Pods;
			sourceTree = "<group>";
		};
/* End PBXGroup section */

/* Begin PBXNativeTarget section */
		B13A71221C662F4000B8C536 /* Emergency */ = {
			isa = PBXNativeTarget;
			buildConfigurationList = B13A713A1C662F4000B8C536 /* Build configuration list for PBXNativeTarget "Emergency" */;
			buildPhases = (
				1E359CDFE97C2F08BBC43701 /* Check Pods Manifest.lock */,
				B13A711F1C662F4000B8C536 /* Sources */,
				B13A71201C662F4000B8C536 /* Frameworks */,
				B13A71211C662F4000B8C536 /* Resources */,
				7582312A0F6CFDFCA1518E2E /* Embed Pods Frameworks */,
				E2E61FC325E2D76F47D6895E /* Copy Pods Resources */,
			);
			buildRules = (
			);
			dependencies = (
			);
			name = Emergency;
			productName = Emergency;
			productReference = B13A71231C662F4000B8C536 /* Emergency.app */;
			productType = "com.apple.product-type.application";
		};
/* End PBXNativeTarget section */

/* Begin PBXProject section */
		B13A711B1C662F4000B8C536 /* Project object */ = {
			isa = PBXProject;
			attributes = {
				LastUpgradeCheck = 0720;
				ORGANIZATIONNAME = sunkai;
				TargetAttributes = {
					B13A71221C662F4000B8C536 = {
						CreatedOnToolsVersion = 7.2;
					};
				};
			};
			buildConfigurationList = B13A711E1C662F4000B8C536 /* Build configuration list for PBXProject "Emergency" */;
			compatibilityVersion = "Xcode 3.2";
			developmentRegion = English;
			hasScannedForEncodings = 0;
			knownRegions = (
				en,
				Base,
			);
			mainGroup = B13A711A1C662F4000B8C536;
			productRefGroup = B13A71241C662F4000B8C536 /* Products */;
			projectDirPath = "";
			projectRoot = "";
			targets = (
				B13A71221C662F4000B8C536 /* Emergency */,
			);
		};
/* End PBXProject section */

/* Begin PBXResourcesBuildPhase section */
		B13A71211C662F4000B8C536 /* Resources */ = {
			isa = PBXResourcesBuildPhase;
			buildActionMask = 2147483647;
			files = (
				B1C06A4D1C68E908009D3D6E /* BaseInfo2ViewController.xib in Resources */,
				B13A71361C662F4000B8C536 /* LaunchScreen.storyboard in Resources */,
				B1C06A481C68D81A009D3D6E /* BaseInfoViewController.xib in Resources */,
				B144DF571C6B63E3003AAEE3 /* BaseInfo3ViewController.xib in Resources */,
				B13A71331C662F4000B8C536 /* Assets.xcassets in Resources */,
			);
			runOnlyForDeploymentPostprocessing = 0;
		};
/* End PBXResourcesBuildPhase section */

/* Begin PBXShellScriptBuildPhase section */
		1E359CDFE97C2F08BBC43701 /* Check Pods Manifest.lock */ = {
			isa = PBXShellScriptBuildPhase;
			buildActionMask = 2147483647;
			files = (
			);
			inputPaths = (
			);
			name = "Check Pods Manifest.lock";
			outputPaths = (
			);
			runOnlyForDeploymentPostprocessing = 0;
			shellPath = /bin/sh;
			shellScript = "diff \"${PODS_ROOT}/../Podfile.lock\" \"${PODS_ROOT}/Manifest.lock\" > /dev/null\nif [[ $? != 0 ]] ; then\n    cat << EOM\nerror: The sandbox is not in sync with the Podfile.lock. Run 'pod install' or update your CocoaPods installation.\nEOM\n    exit 1\nfi\n";
			showEnvVarsInLog = 0;
		};
		7582312A0F6CFDFCA1518E2E /* Embed Pods Frameworks */ = {
			isa = PBXShellScriptBuildPhase;
			buildActionMask = 2147483647;
			files = (
			);
			inputPaths = (
			);
			name = "Embed Pods Frameworks";
			outputPaths = (
			);
			runOnlyForDeploymentPostprocessing = 0;
			shellPath = /bin/sh;
			shellScript = "\"${SRCROOT}/Pods/Target Support Files/Pods-Emergency/Pods-Emergency-frameworks.sh\"\n";
			showEnvVarsInLog = 0;
		};
		E2E61FC325E2D76F47D6895E /* Copy Pods Resources */ = {
			isa = PBXShellScriptBuildPhase;
			buildActionMask = 2147483647;
			files = (
			);
			inputPaths = (
			);
			name = "Copy Pods Resources";
			outputPaths = (
			);
			runOnlyForDeploymentPostprocessing = 0;
			shellPath = /bin/sh;
			shellScript = "\"${SRCROOT}/Pods/Target Support Files/Pods-Emergency/Pods-Emergency-resources.sh\"\n";
			showEnvVarsInLog = 0;
		};
/* End PBXShellScriptBuildPhase section */

/* Begin PBXSourcesBuildPhase section */
		B13A711F1C662F4000B8C536 /* Sources */ = {
			isa = PBXSourcesBuildPhase;
			buildActionMask = 2147483647;
			files = (
				B13A712B1C662F4000B8C536 /* AppDelegate.m in Sources */,
				B13A71281C662F4000B8C536 /* main.m in Sources */,
				B144DF5E1C6B7AFF003AAEE3 /* NYSegmentedControl+InterfaceCustom.m in Sources */,
				B13A71451C664A9D00B8C536 /* ViewController.m in Sources */,
				B144DF5B1C6B7929003AAEE3 /* JVFloatLabeledTextField+InterfaceCustom.m in Sources */,
				B1C06A501C6989BC009D3D6E /* PanView.m in Sources */,
				B1C06A471C68D81A009D3D6E /* BaseInfoViewController.m in Sources */,
				B1C06A4C1C68E908009D3D6E /* BaseInfo2ViewController.m in Sources */,
				B13A71461C664A9D00B8C536 /* WKSectionView.m in Sources */,
				B144DF561C6B63E3003AAEE3 /* BaseInfo3ViewController.m in Sources */,
				B13A714A1C67366900B8C536 /* WarningViewController.m in Sources */,
				B13A71521C683C1E00B8C536 /* BasicCardViewController.m in Sources */,
			);
			runOnlyForDeploymentPostprocessing = 0;
		};
/* End PBXSourcesBuildPhase section */

/* Begin PBXVariantGroup section */
		B13A71341C662F4000B8C536 /* LaunchScreen.storyboard */ = {
			isa = PBXVariantGroup;
			children = (
				B13A71351C662F4000B8C536 /* Base */,
			);
			name = LaunchScreen.storyboard;
			sourceTree = "<group>";
		};
/* End PBXVariantGroup section */

/* Begin XCBuildConfiguration section */
		B13A71381C662F4000B8C536 /* Debug */ = {
			isa = XCBuildConfiguration;
			buildSettings = {
				ALWAYS_SEARCH_USER_PATHS = NO;
				CLANG_CXX_LANGUAGE_STANDARD = "gnu++0x";
				CLANG_CXX_LIBRARY = "libc++";
				CLANG_ENABLE_MODULES = YES;
				CLANG_ENABLE_OBJC_ARC = YES;
				CLANG_WARN_BOOL_CONVERSION = YES;
				CLANG_WARN_CONSTANT_CONVERSION = YES;
				CLANG_WARN_DIRECT_OBJC_ISA_USAGE = YES_ERROR;
				CLANG_WARN_EMPTY_BODY = YES;
				CLANG_WARN_ENUM_CONVERSION = YES;
				CLANG_WARN_INT_CONVERSION = YES;
				CLANG_WARN_OBJC_ROOT_CLASS = YES_ERROR;
				CLANG_WARN_UNREACHABLE_CODE = YES;
				CLANG_WARN__DUPLICATE_METHOD_MATCH = YES;
				"CODE_SIGN_IDENTITY[sdk=iphoneos*]" = "iPhone Developer";
				COPY_PHASE_STRIP = NO;
				DEBUG_INFORMATION_FORMAT = dwarf;
				ENABLE_STRICT_OBJC_MSGSEND = YES;
				ENABLE_TESTABILITY = YES;
				GCC_C_LANGUAGE_STANDARD = gnu99;
				GCC_DYNAMIC_NO_PIC = NO;
				GCC_NO_COMMON_BLOCKS = YES;
				GCC_OPTIMIZATION_LEVEL = 0;
				GCC_PREPROCESSOR_DEFINITIONS = (
					"DEBUG=1",
					"$(inherited)",
				);
				GCC_WARN_64_TO_32_BIT_CONVERSION = YES;
				GCC_WARN_ABOUT_RETURN_TYPE = YES_ERROR;
				GCC_WARN_UNDECLARED_SELECTOR = YES;
				GCC_WARN_UNINITIALIZED_AUTOS = YES_AGGRESSIVE;
				GCC_WARN_UNUSED_FUNCTION = YES;
				GCC_WARN_UNUSED_VARIABLE = YES;
				IPHONEOS_DEPLOYMENT_TARGET = 9.2;
				MTL_ENABLE_DEBUG_INFO = YES;
				ONLY_ACTIVE_ARCH = YES;
				SDKROOT = iphoneos;
			};
			name = Debug;
		};
		B13A71391C662F4000B8C536 /* Release */ = {
			isa = XCBuildConfiguration;
			buildSettings = {
				ALWAYS_SEARCH_USER_PATHS = NO;
				CLANG_CXX_LANGUAGE_STANDARD = "gnu++0x";
				CLANG_CXX_LIBRARY = "libc++";
				CLANG_ENABLE_MODULES = YES;
				CLANG_ENABLE_OBJC_ARC = YES;
				CLANG_WARN_BOOL_CONVERSION = YES;
				CLANG_WARN_CONSTANT_CONVERSION = YES;
				CLANG_WARN_DIRECT_OBJC_ISA_USAGE = YES_ERROR;
				CLANG_WARN_EMPTY_BODY = YES;
				CLANG_WARN_ENUM_CONVERSION = YES;
				CLANG_WARN_INT_CONVERSION = YES;
				CLANG_WARN_OBJC_ROOT_CLASS = YES_ERROR;
				CLANG_WARN_UNREACHABLE_CODE = YES;
				CLANG_WARN__DUPLICATE_METHOD_MATCH = YES;
				"CODE_SIGN_IDENTITY[sdk=iphoneos*]" = "iPhone Developer";
				COPY_PHASE_STRIP = NO;
				DEBUG_INFORMATION_FORMAT = "dwarf-with-dsym";
				ENABLE_NS_ASSERTIONS = NO;
				ENABLE_STRICT_OBJC_MSGSEND = YES;
				GCC_C_LANGUAGE_STANDARD = gnu99;
				GCC_NO_COMMON_BLOCKS = YES;
				GCC_WARN_64_TO_32_BIT_CONVERSION = YES;
				GCC_WARN_ABOUT_RETURN_TYPE = YES_ERROR;
				GCC_WARN_UNDECLARED_SELECTOR = YES;
				GCC_WARN_UNINITIALIZED_AUTOS = YES_AGGRESSIVE;
				GCC_WARN_UNUSED_FUNCTION = YES;
				GCC_WARN_UNUSED_VARIABLE = YES;
				IPHONEOS_DEPLOYMENT_TARGET = 9.2;
				MTL_ENABLE_DEBUG_INFO = NO;
				SDKROOT = iphoneos;
				VALIDATE_PRODUCT = YES;
			};
			name = Release;
		};
		B13A713B1C662F4000B8C536 /* Debug */ = {
			isa = XCBuildConfiguration;
			baseConfigurationReference = 1FCFA43CDEEFF6A2C5ED8A0A /* Pods-Emergency.debug.xcconfig */;
			buildSettings = {
				ASSETCATALOG_COMPILER_APPICON_NAME = AppIcon;
				INFOPLIST_FILE = Emergency/Info.plist;
				IPHONEOS_DEPLOYMENT_TARGET = 8.0;
				LD_RUNPATH_SEARCH_PATHS = "$(inherited) @executable_path/Frameworks";
				PRODUCT_BUNDLE_IDENTIFIER = "Kai-Sun.Emergency";
				PRODUCT_NAME = "$(TARGET_NAME)";
			};
			name = Debug;
		};
		B13A713C1C662F4000B8C536 /* Release */ = {
			isa = XCBuildConfiguration;
			baseConfigurationReference = 91960C2228693D71A53B0B43 /* Pods-Emergency.release.xcconfig */;
			buildSettings = {
				ASSETCATALOG_COMPILER_APPICON_NAME = AppIcon;
				INFOPLIST_FILE = Emergency/Info.plist;
				IPHONEOS_DEPLOYMENT_TARGET = 8.0;
				LD_RUNPATH_SEARCH_PATHS = "$(inherited) @executable_path/Frameworks";
				PRODUCT_BUNDLE_IDENTIFIER = "Kai-Sun.Emergency";
				PRODUCT_NAME = "$(TARGET_NAME)";
			};
			name = Release;
		};
/* End XCBuildConfiguration section */

/* Begin XCConfigurationList section */
		B13A711E1C662F4000B8C536 /* Build configuration list for PBXProject "Emergency" */ = {
			isa = XCConfigurationList;
			buildConfigurations = (
				B13A71381C662F4000B8C536 /* Debug */,
				B13A71391C662F4000B8C536 /* Release */,
			);
			defaultConfigurationIsVisible = 0;
			defaultConfigurationName = Release;
		};
		B13A713A1C662F4000B8C536 /* Build configuration list for PBXNativeTarget "Emergency" */ = {
			isa = XCConfigurationList;
			buildConfigurations = (
				B13A713B1C662F4000B8C536 /* Debug */,
				B13A713C1C662F4000B8C536 /* Release */,
			);
			defaultConfigurationIsVisible = 0;
			defaultConfigurationName = Release;
		};
/* End XCConfigurationList section */
	};
	rootObject = B13A711B1C662F4000B8C536 /* Project object */;
}
